
Microsoft Visual Studio Solution File, Format Version 12.00
# Visual Studio Version 17
VisualStudioVersion = 17.0.31912.275
MinimumVisualStudioVersion = 10.0.40219.1
Project("{FAE04EC0-301F-11D3-BF4B-00C04F79EFBC}") = "Forms", "Forms\Forms.csproj", "{AD505A4B-3EE3-4C1F-A681-0F0510993EF6}"
EndProject
Project("{FAE04EC0-301F-11D3-BF4B-00C04F79EFBC}") = "Logica", "Logica\Logica.csproj", "{467B5780-0812-4E0C-BA5C-46A1E41C125F}"
EndProject
Global
	GlobalSection(SolutionConfigurationPlatforms) = preSolution
		Debug|Any CPU = Debug|Any CPU
		Release|Any CPU = Release|Any CPU
	EndGlobalSection
	GlobalSection(ProjectConfigurationPlatforms) = postSolution
		{AD505A4B-3EE3-4C1F-A681-0F0510993EF6}.Debug|Any CPU.ActiveCfg = Debug|Any CPU
		{AD505A4B-3EE3-4C1F-A681-0F0510993EF6}.Debug|Any CPU.Build.0 = Debug|Any CPU
		{AD505A4B-3EE3-4C1F-A681-0F0510993EF6}.Release|Any CPU.ActiveCfg = Release|Any CPU
		{AD505A4B-3EE3-4C1F-A681-0F0510993EF6}.Release|Any CPU.Build.0 = Release|Any CPU
		{467B5780-0812-4E0C-BA5C-46A1E41C125F}.Debug|Any CPU.ActiveCfg = Debug|Any CPU
		{467B5780-0812-4E0C-BA5C-46A1E41C125F}.Debug|Any CPU.Build.0 = Debug|Any CPU
		{467B5780-0812-4E0C-BA5C-46A1E41C125F}.Release|Any CPU.ActiveCfg = Release|Any CPU
		{467B5780-0812-4E0C-BA5C-46A1E41C125F}.Release|Any CPU.Build.0 = Release|Any CPU
	EndGlobalSection
	GlobalSection(SolutionProperties) = preSolution
		HideSolutionNode = FALSE
	EndGlobalSection
	GlobalSection(ExtensibilityGlobals) = postSolution
		SolutionGuid = {6D3F2BC6-B2DF-48BC-9D71-430E37A7AA9A}
	EndGlobalSection
EndGlobal
